# THIS IS AN AUTOGENERATED FILE. DO NOT EDIT THIS FILE DIRECTLY.
# yarn lockfile v1


"@swc/core-darwin-arm64@1.4.2":
  version "1.4.2"
  resolved "https://registry.yarnpkg.com/@swc/core-darwin-arm64/-/core-darwin-arm64-1.4.2.tgz#3b5677c5b9c5a7a91d953b96cd603c94064e2835"
  integrity sha512-1uSdAn1MRK5C1m/TvLZ2RDvr0zLvochgrZ2xL+lRzugLlCTlSA+Q4TWtrZaOz+vnnFVliCpw7c7qu0JouhgQIw==

"@swc/core-darwin-x64@1.4.2":
  version "1.4.2"
  resolved "https://registry.yarnpkg.com/@swc/core-darwin-x64/-/core-darwin-x64-1.4.2.tgz#bbc8bbf420389b12541151255a50f319cc17ef96"
  integrity sha512-TYD28+dCQKeuxxcy7gLJUCFLqrwDZnHtC2z7cdeGfZpbI2mbfppfTf2wUPzqZk3gEC96zHd4Yr37V3Tvzar+lQ==

"@swc/core-linux-arm-gnueabihf@1.4.2":
  version "1.4.2"
  resolved "https://registry.yarnpkg.com/@swc/core-linux-arm-gnueabihf/-/core-linux-arm-gnueabihf-1.4.2.tgz#aa9a18f130820717df08c9dd882043fc47e8d35a"
  integrity sha512-Eyqipf7ZPGj0vplKHo8JUOoU1un2sg5PjJMpEesX0k+6HKE2T8pdyeyXODN0YTFqzndSa/J43EEPXm+rHAsLFQ==

"@swc/core-linux-arm64-gnu@1.4.2":
  version "1.4.2"
  resolved "https://registry.yarnpkg.com/@swc/core-linux-arm64-gnu/-/core-linux-arm64-gnu-1.4.2.tgz#5ef1de0ca7cc3a034aa3a1c3c1794b78e6ca207e"
  integrity sha512-wZn02DH8VYPv3FC0ub4my52Rttsus/rFw+UUfzdb3tHMHXB66LqN+rR0ssIOZrH6K+VLN6qpTw9VizjyoH0BxA==

"@swc/core-linux-arm64-musl@1.4.2":
  version "1.4.2"
  resolved "https://registry.yarnpkg.com/@swc/core-linux-arm64-musl/-/core-linux-arm64-musl-1.4.2.tgz#5dfd2a8c0483770a307de0ccb6019a082ff0d902"
  integrity sha512-3G0D5z9hUj9bXNcwmA1eGiFTwe5rWkuL3DsoviTj73TKLpk7u64ND0XjEfO0huVv4vVu9H1jodrKb7nvln/dlw==

"@swc/core-linux-x64-gnu@1.4.2":
  version "1.4.2"
  resolved "https://registry.yarnpkg.com/@swc/core-linux-x64-gnu/-/core-linux-x64-gnu-1.4.2.tgz#314aa76b7c1208e315e3156ab57b7188fb605bc2"
  integrity sha512-LFxn9U8cjmYHw3jrdPNqPAkBGglKE3tCZ8rA7hYyp0BFxuo7L2ZcEnPm4RFpmSCCsExFH+LEJWuMGgWERoktvg==

"@swc/core-linux-x64-musl@1.4.2":
  version "1.4.2"
  resolved "https://registry.yarnpkg.com/@swc/core-linux-x64-musl/-/core-linux-x64-musl-1.4.2.tgz#b2b226657f6a8d48f561cb3dbe2d414cfbafe467"
  integrity sha512-dp0fAmreeVVYTUcb4u9njTPrYzKnbIH0EhH2qvC9GOYNNREUu2GezSIDgonjOXkHiTCvopG4xU7y56XtXj4VrQ==

"@swc/core-win32-arm64-msvc@1.4.2":
  version "1.4.2"
  resolved "https://registry.yarnpkg.com/@swc/core-win32-arm64-msvc/-/core-win32-arm64-msvc-1.4.2.tgz#582f79fa328ce0f426ab8313b3d881e7315fab2f"
  integrity sha512-HlVIiLMQkzthAdqMslQhDkoXJ5+AOLUSTV6fm6shFKZKqc/9cJvr4S8UveNERL9zUficA36yM3bbfo36McwnvQ==

"@swc/core-win32-ia32-msvc@1.4.2":
  version "1.4.2"
  resolved "https://registry.yarnpkg.com/@swc/core-win32-ia32-msvc/-/core-win32-ia32-msvc-1.4.2.tgz#15c8289e1c18857f79b9b888100ab1f871bf58f6"
  integrity sha512-WCF8faPGjCl4oIgugkp+kL9nl3nUATlzKXCEGFowMEmVVCFM0GsqlmGdPp1pjZoWc9tpYanoXQDnp5IvlDSLhA==

"@swc/core-win32-x64-msvc@1.4.2":
  version "1.4.2"
  resolved "https://registry.npmjs.org/@swc/core-win32-x64-msvc/-/core-win32-x64-msvc-1.4.2.tgz"
  integrity sha512-oV71rwiSpA5xre2C5570BhCsg1HF97SNLsZ/12xv7zayGzqr3yvFALFJN8tHKpqUdCB4FGPjoP3JFdV3i+1wUw==

"@swc/core@^1.3.107":
  version "1.4.2"
  resolved "https://registry.npmjs.org/@swc/core/-/core-1.4.2.tgz"
  integrity sha512-vWgY07R/eqj1/a0vsRKLI9o9klGZfpLNOVEnrv4nrccxBgYPjcf22IWwAoaBJ+wpA7Q4fVjCUM8lP0m01dpxcg==
  dependencies:
    "@swc/counter" "^0.1.2"
    "@swc/types" "^0.1.5"
  optionalDependencies:
    "@swc/core-darwin-arm64" "1.4.2"
    "@swc/core-darwin-x64" "1.4.2"
    "@swc/core-linux-arm-gnueabihf" "1.4.2"
    "@swc/core-linux-arm64-gnu" "1.4.2"
    "@swc/core-linux-arm64-musl" "1.4.2"
    "@swc/core-linux-x64-gnu" "1.4.2"
    "@swc/core-linux-x64-musl" "1.4.2"
    "@swc/core-win32-arm64-msvc" "1.4.2"
    "@swc/core-win32-ia32-msvc" "1.4.2"
    "@swc/core-win32-x64-msvc" "1.4.2"

"@swc/counter@^0.1.2":
  version "0.1.3"
  resolved "https://registry.npmjs.org/@swc/counter/-/counter-0.1.3.tgz"
  integrity sha512-e2BR4lsJkkRlKZ/qCHPw9ZaSxc0MVUd7gtbtaB7aMvHeJVYe8sOB8DBZkP2DtISHGSku9sCK6T6cnY0CtXrOCQ==

"@swc/types@^0.1.5":
  version "0.1.5"
  resolved "https://registry.npmjs.org/@swc/types/-/types-0.1.5.tgz"
  integrity sha512-myfUej5naTBWnqOCc/MdVOLVjXUXtIA+NpDrDBKJtLLg2shUjBu3cZmB/85RyitKc55+lUUyl7oRfLOvkr2hsw==

"@vitejs/plugin-react-swc@^3.6.0":
  version "3.6.0"
  resolved "https://registry.npmjs.org/@vitejs/plugin-react-swc/-/plugin-react-swc-3.6.0.tgz"
  integrity sha512-XFRbsGgpGxGzEV5i5+vRiro1bwcIaZDIdBRP16qwm+jP68ue/S8FJTBEgOeojtVDYrbSua3XFp71kC8VJE6v+g==
  dependencies:
    "@swc/core" "^1.3.107"
